
Microsoft Visual Studio Solution File, Format Version 12.00
# Visual Studio Version 16
VisualStudioVersion = 16.0.30128.74
MinimumVisualStudioVersion = 10.0.40219.1
Project("{FAE04EC0-301F-11D3-BF4B-00C04F79EFBC}") = "WebApplication5", "WebApplication5.csproj", "{ABDC39B5-6CC8-4734-B962-0BE63404D346}"
EndProject
Global
	GlobalSection(SolutionConfigurationPlatforms) = preSolution
		Debug|Any CPU = Debug|Any CPU
		Release|Any CPU = Release|Any CPU
	EndGlobalSection
	GlobalSection(ProjectConfigurationPlatforms) = postSolution
		{ABDC39B5-6CC8-4734-B962-0BE63404D346}.Debug|Any CPU.ActiveCfg = Debug|Any CPU
		{ABDC39B5-6CC8-4734-B962-0BE63404D346}.Debug|Any CPU.Build.0 = Debug|Any CPU
		{ABDC39B5-6CC8-4734-B962-0BE63404D346}.Release|Any CPU.ActiveCfg = Release|Any CPU
		{ABDC39B5-6CC8-4734-B962-0BE63404D346}.Release|Any CPU.Build.0 = Release|Any CPU
	EndGlobalSection
	GlobalSection(SolutionProperties) = preSolution
		HideSolutionNode = FALSE
	EndGlobalSection
	GlobalSection(ExtensibilityGlobals) = postSolution
		SolutionGuid = {6F6C9CD2-77DF-43BA-996C-FA1927F7D943}
	EndGlobalSection
EndGlobal
